# This file is autogenerated, do not edit; changes may be undone by the next 'dep ensure'.


[[projects]]
  name = "github.com/dcowgill/thrift-go"
  packages = ["."]
  revision = "d02e94029d2a8247351bf5c163f84ea659c4a329"
  version = "v0.11.0"

[[projects]]
  branch = "master"
  name = "golang.org/x/net"
  packages = ["context"]
  revision = "42fe2e1c20de1054d3d30f82cc9fb5b41e2e3767"

[solve-meta]
  analyzer-name = "dep"
  analyzer-version = 1
  inputs-digest = "0f6155b431a63e7708d0302416f87a779f64ef8b7b96cf8f09b45f966bb56cec"
  solver-name = "gps-cdcl"
  solver-version = 1
