# This file is autogenerated, do not edit; changes may be undone by the next 'dep ensure'.


[[projects]]
  name = "github.com/dcowgill/thrift-go"
  packages = ["thrift"]
  revision = "36c09757fe7e29c46279cecd24cf4457f92dd8d4"
  version = "v0.11.0"

[[projects]]
  branch = "master"
  name = "golang.org/x/net"
  packages = ["context"]
  revision = "42fe2e1c20de1054d3d30f82cc9fb5b41e2e3767"

[solve-meta]
  analyzer-name = "dep"
  analyzer-version = 1
  inputs-digest = "4d188db4e1a6cb984b01b4626fda47a94a9b8abfb74b1dff9ca5df01c0efe8bb"
  solver-name = "gps-cdcl"
  solver-version = 1
